<?xml version="1.0" encoding="utf-8"?>
<Project ToolsVersion="4.0" xmlns="http://schemas.microsoft.com/developer/msbuild/2003">
  <ItemGroup>
    <Filter Include="ソース ファイル">
      <UniqueIdentifier>{4FC737F1-C7A5-4376-A066-2A32D752A2FF}</UniqueIdentifier>
      <Extensions>cpp;c;cc;cxx;c++;cppm;ixx;def;odl;idl;hpj;bat;asm;asmx</Extensions>
    </Filter>
    <Filter Include="ヘッダー ファイル">
      <UniqueIdentifier>{93995380-89BD-4b04-88EB-625FBE52EBFB}</UniqueIdentifier>
      <Extensions>h;hh;hpp;hxx;h++;hm;inl;inc;ipp;xsd</Extensions>
    </Filter>
    <Filter Include="リソース ファイル">
      <UniqueIdentifier>{67DA6AB6-F800-4c08-8B7A-83BB121AAD01}</UniqueIdentifier>
      <Extensions>rc;ico;cur;bmp;dlg;rc2;rct;bin;rgs;gif;jpg;jpeg;jpe;resx;tiff;tif;png;wav;mfcribbon-ms</Extensions>
    </Filter>
  </ItemGroup>
  <ItemGroup>
    <ClCompile Include="kadai01.c">
      <Filter>ソース ファイル</Filter>
    </ClCompile>
    <ClCompile Include="chibany.c">
      <Filter>ソース ファイル</Filter>
    </ClCompile>
    <ClCompile Include="chibany_drawer.c">
      <Filter>ソース ファイル</Filter>
    </ClCompile>
    <ClCompile Include="kisokadai02_24A2051.c">
      <Filter>ソース ファイル</Filter>
    </ClCompile>
    <ClCompile Include="ouyoukadai02_24A2051.c">
      <Filter>ソース ファイル</Filter>
    </ClCompile>
    <ClCompile Include="kisokadai03_24A2051.c">
      <Filter>ソース ファイル</Filter>
    </ClCompile>
    <ClCompile Include="ouyoukadai03_24A2051.c">
      <Filter>ソース ファイル</Filter>
    </ClCompile>
    <ClCompile Include="test_00.c">
      <Filter>ソース ファイル</Filter>
    </ClCompile>
    <ClCompile Include="test_01.c">
      <Filter>ソース ファイル</Filter>
    </ClCompile>
    <ClCompile Include="test_02.c">
      <Filter>ソース ファイル</Filter>
    </ClCompile>
    <ClCompile Include="test_03.c">
      <Filter>ソース ファイル</Filter>
    </ClCompile>
    <ClCompile Include="test_04.c">
      <Filter>ソース ファイル</Filter>
    </ClCompile>
    <ClCompile Include="test_05.c">
      <Filter>ソース ファイル</Filter>
    </ClCompile>
    <ClCompile Include="kisokkadai04_24A2051.c">
      <Filter>ソース ファイル</Filter>
    </ClCompile>
    <ClCompile Include="ouyoukadai04_24A2051.c">
      <Filter>ソース ファイル</Filter>
    </ClCompile>
    <ClCompile Include="ouyoukadai05_24A2051.c">
      <Filter>ソース ファイル</Filter>
    </ClCompile>
    <ClCompile Include="kisokadai05_242051.c">
      <Filter>ソース ファイル</Filter>
    </ClCompile>
    <ClCompile Include="kisokadai06_24A2051.c">
      <Filter>ソース ファイル</Filter>
    </ClCompile>
    <ClCompile Include="ouyoukadai06_24A2051.c">
      <Filter>ソース ファイル</Filter>
    </ClCompile>
    <ClCompile Include="test_mondai2.c">
      <Filter>ソース ファイル</Filter>
    </ClCompile>
    <ClCompile Include="test_monndai_2-2.c">
      <Filter>ソース ファイル</Filter>
    </ClCompile>
  </ItemGroup>
  <ItemGroup>
    <ClInclude Include="chibany.h">
      <Filter>ソース ファイル</Filter>
    </ClInclude>
  </ItemGroup>
</Project>